{
  "name": "epub",
  "version": "2.0.0",
  "lockfileVersion": 3,
  "requires": true,
  "packages": {
    "": {
      "name": "epub",
      "version": "2.0.0",
      "license": "MIT",
      "dependencies": {
        "adm-zip": "^0.4.11",
        "fast-xml-parser": "^5.3.7"
      },
      "devDependencies": {
        "@types/adm-zip": "^0.5.7",
        "@types/node": "^22.0.0"
      },
      "engines": {
        "node": ">=22.6.0"
      }
    },
    "node_modules/@types/adm-zip": {
      "version": "0.5.7",
      "resolved": "https://registry.npmjs.org/@types/adm-zip/-/adm-zip-0.5.7.tgz",
      "integrity": "sha512-DNEs/QvmyRLurdQPChqq0Md4zGvPwHerAJYWk9l2jCbD1VPpnzRJorOdiq4zsw09NFbYnhfsoEhWtxIzXpn2yw==",
      "dev": true,
      "license": "MIT",
      "dependencies": {
        "@types/node": "*"
      }
    },
    "node_modules/@types/node": {
      "version": "22.19.11",
      "resolved": "https://registry.npmjs.org/@types/node/-/node-22.19.11.tgz",
      "integrity": "sha512-BH7YwL6rA93ReqeQS1c4bsPpcfOmJasG+Fkr6Y59q83f9M1WcBRHR2vM+P9eOisYRcN3ujQoiZY8uk5W+1WL8w==",
      "dev": true,
      "license": "MIT",
      "dependencies": {
        "undici-types": "~6.21.0"
      }
    },
    "node_modules/adm-zip": {
      "version": "0.4.11",
      "resolved": "https://registry.npmjs.org/adm-zip/-/adm-zip-0.4.11.tgz",
      "integrity": "sha512-L8vcjDTCOIJk7wFvmlEUN7AsSb8T+2JrdP7KINBjzr24TJ5Mwj590sLu3BC7zNZowvJWa/JtPmD8eJCzdtDWjA==",
      "engines": {
        "node": ">=0.3.0"
      }
    },
    "node_modules/fast-xml-parser": {
      "version": "5.3.7",
      "resolved": "https://registry.npmjs.org/fast-xml-parser/-/fast-xml-parser-5.3.7.tgz",
      "integrity": "sha512-JzVLro9NQv92pOM/jTCR6mHlJh2FGwtomH8ZQjhFj/R29P2Fnj38OgPJVtcvYw6SuKClhgYuwUZf5b3rd8u2mA==",
      "funding": [
        {
          "type": "github",
          "url": "https://github.com/sponsors/NaturalIntelligence"
        }
      ],
      "license": "MIT",
      "dependencies": {
        "strnum": "^2.1.2"
      },
      "bin": {
        "fxparser": "src/cli/cli.js"
      }
    },
    "node_modules/strnum": {
      "version": "2.1.2",
      "resolved": "https://registry.npmjs.org/strnum/-/strnum-2.1.2.tgz",
      "integrity": "sha512-l63NF9y/cLROq/yqKXSLtcMeeyOfnSQlfMSlzFt/K73oIaD8DGaQWd7Z34X9GPiKqP5rbSh84Hl4bOlLcjiSrQ==",
      "funding": [
        {
          "type": "github",
          "url": "https://github.com/sponsors/NaturalIntelligence"
        }
      ],
      "license": "MIT"
    },
    "node_modules/undici-types": {
      "version": "6.21.0",
      "resolved": "https://registry.npmjs.org/undici-types/-/undici-types-6.21.0.tgz",
      "integrity": "sha512-iwDZqg0QAGrg9Rav5H4n0M64c3mkR59cJ6wQp+7C4nI0gsmExaedaYLNO44eT4AtBBwjbTiGPMlt2Md0T9H9JQ==",
      "dev": true,
      "license": "MIT"
    }
  }
}
